
Microsoft Visual Studio Solution File, Format Version 12.00
# Visual Studio Version 17
VisualStudioVersion = 17.2.32317.152
MinimumVisualStudioVersion = 10.0.40219.1
Project("{00D1A9C2-B5F0-4AF3-8072-F6C62B433612}") = "ToDoAppDB", "ToDoAppDB\ToDoAppDB.sqlproj", "{64BD098A-2417-472E-97E6-6E42D058D582}"
EndProject
Global
	GlobalSection(SolutionConfigurationPlatforms) = preSolution
		Debug|Any CPU = Debug|Any CPU
		Release|Any CPU = Release|Any CPU
	EndGlobalSection
	GlobalSection(ProjectConfigurationPlatforms) = postSolution
		{64BD098A-2417-472E-97E6-6E42D058D582}.Debug|Any CPU.ActiveCfg = Debug|Any CPU
		{64BD098A-2417-472E-97E6-6E42D058D582}.Debug|Any CPU.Build.0 = Debug|Any CPU
		{64BD098A-2417-472E-97E6-6E42D058D582}.Debug|Any CPU.Deploy.0 = Debug|Any CPU
		{64BD098A-2417-472E-97E6-6E42D058D582}.Release|Any CPU.ActiveCfg = Release|Any CPU
		{64BD098A-2417-472E-97E6-6E42D058D582}.Release|Any CPU.Build.0 = Release|Any CPU
		{64BD098A-2417-472E-97E6-6E42D058D582}.Release|Any CPU.Deploy.0 = Release|Any CPU
	EndGlobalSection
	GlobalSection(SolutionProperties) = preSolution
		HideSolutionNode = FALSE
	EndGlobalSection
	GlobalSection(ExtensibilityGlobals) = postSolution
		SolutionGuid = {4059D856-514A-467B-9F6A-055D853F8C36}
	EndGlobalSection
EndGlobal
